{
  "name": "assets",
  "lockfileVersion": 2,
  "requires": true,
  "packages": {
    "": {
      "license": "UNLICENSED",
      "dependencies": {
        "goober": "^2.1.13",
        "phoenix": "../../../deps/phoenix",
        "phoenix_html": "../../../deps/phoenix_html",
        "phoenix_live_view": "../../../deps/phoenix_live_view",
        "react": "^18.2.0",
        "react-dom": "^18.2.0",
        "react-tetris": "^0.3.0",
        "swr": "^2.1.5",
        "wouter": "^2.10.1"
      },
      "devDependencies": {
        "@types/phoenix": "^1.5.6",
        "@types/react": "^18.2.6",
        "@types/react-dom": "^18.2.4",
        "csstype": "^3.1.2",
        "prettier": "^2.8.8"
      }
    },
    "../../../deps/phoenix": {
      "version": "1.7.2",
      "license": "MIT"
    },
    "../../../deps/phoenix_html": {
      "version": "3.3.1"
    },
    "../../../deps/phoenix_live_view": {
      "version": "0.18.18",
      "license": "MIT"
    },
    "node_modules/@types/phoenix": {
      "version": "1.5.6",
      "resolved": "https://registry.npmjs.org/@types/phoenix/-/phoenix-1.5.6.tgz",
      "integrity": "sha512-e7jZ6I9uyRGsg7MNwQcarmBvRlbGb9DibbocE9crVnxqsy6C23RMxLWbJ2CQ3vgCW7taoL1L+F02EcjA6ld7XA==",
      "dev": true,
      "license": "MIT"
    },
    "node_modules/@types/prop-types": {
      "version": "15.7.5",
      "resolved": "https://registry.npmjs.org/@types/prop-types/-/prop-types-15.7.5.tgz",
      "integrity": "sha512-JCB8C6SnDoQf0cNycqd/35A7MjcnK+ZTqE7judS6o7utxUCg6imJg3QK2qzHKszlTjcj2cn+NwMB2i96ubpj7w==",
      "dev": true,
      "license": "MIT"
    },
    "node_modules/@types/react": {
      "version": "18.2.6",
      "resolved": "https://registry.npmjs.org/@types/react/-/react-18.2.6.tgz",
      "integrity": "sha512-wRZClXn//zxCFW+ye/D2qY65UsYP1Fpex2YXorHc8awoNamkMZSvBxwxdYVInsHOZZd2Ppq8isnSzJL5Mpf8OA==",
      "dev": true,
      "license": "MIT",
      "dependencies": {
        "@types/prop-types": "*",
        "@types/scheduler": "*",
        "csstype": "^3.0.2"
      }
    },
    "node_modules/@types/react-dom": {
      "version": "18.2.4",
      "resolved": "https://registry.npmjs.org/@types/react-dom/-/react-dom-18.2.4.tgz",
      "integrity": "sha512-G2mHoTMTL4yoydITgOGwWdWMVd8sNgyEP85xVmMKAPUBwQWm9wBPQUmvbeF4V3WBY1P7mmL4BkjQ0SqUpf1snw==",
      "dev": true,
      "license": "MIT",
      "dependencies": {
        "@types/react": "*"
      }
    },
    "node_modules/@types/scheduler": {
      "version": "0.16.3",
      "resolved": "https://registry.npmjs.org/@types/scheduler/-/scheduler-0.16.3.tgz",
      "integrity": "sha512-5cJ8CB4yAx7BH1oMvdU0Jh9lrEXyPkar6F9G/ERswkCuvP4KQZfZkSjcMbAICCpQTN4OuZn8tz0HiKv9TGZgrQ==",
      "dev": true,
      "license": "MIT"
    },
    "node_modules/csstype": {
      "version": "3.1.2",
      "resolved": "https://registry.npmjs.org/csstype/-/csstype-3.1.2.tgz",
      "integrity": "sha512-I7K1Uu0MBPzaFKg4nI5Q7Vs2t+3gWWW648spaF+Rg7pI9ds18Ugn+lvg4SHczUdKlHI5LWBXyqfS8+DufyBsgQ==",
      "dev": true,
      "license": "MIT"
    },
    "node_modules/goober": {
      "version": "2.1.13",
      "resolved": "https://registry.npmjs.org/goober/-/goober-2.1.13.tgz",
      "integrity": "sha512-jFj3BQeleOoy7t93E9rZ2de+ScC4lQICLwiAQmKMg9F6roKGaLSHoCDYKkWlSafg138jejvq/mTdvmnwDQgqoQ==",
      "license": "MIT",
      "peerDependencies": {
        "csstype": "^3.0.10"
      }
    },
    "node_modules/js-tokens": {
      "version": "4.0.0",
      "resolved": "https://registry.npmjs.org/js-tokens/-/js-tokens-4.0.0.tgz",
      "integrity": "sha512-RdJUflcE3cUzKiMqQgsCu06FPu9UdIJO0beYbPhHN4k6apgJtifcoCtT9bcxOpYBtpD2kCM6Sbzg4CausW/PKQ==",
      "license": "MIT"
    },
    "node_modules/keymaster": {
      "version": "1.6.2",
      "resolved": "https://registry.npmjs.org/keymaster/-/keymaster-1.6.2.tgz",
      "integrity": "sha512-OvA/AALN8IDKKkTk2Z+bDrzs/SQao4lo/QPbwSdDvm+frxfiYiYCSn1aHFUypJY3SruAO1y/c771agBmTXqUtg=="
    },
    "node_modules/loose-envify": {
      "version": "1.4.0",
      "resolved": "https://registry.npmjs.org/loose-envify/-/loose-envify-1.4.0.tgz",
      "integrity": "sha512-lyuxPGr/Wfhrlem2CL/UcnUc1zcqKAImBDzukY7Y5F/yQiNdko6+fRLevlw1HgMySw7f611UIY408EtxRSoK3Q==",
      "license": "MIT",
      "dependencies": {
        "js-tokens": "^3.0.0 || ^4.0.0"
      },
      "bin": {
        "loose-envify": "cli.js"
      }
    },
    "node_modules/phoenix": {
      "resolved": "../../../deps/phoenix",
      "link": true
    },
    "node_modules/phoenix_html": {
      "resolved": "../../../deps/phoenix_html",
      "link": true
    },
    "node_modules/phoenix_live_view": {
      "resolved": "../../../deps/phoenix_live_view",
      "link": true
    },
    "node_modules/prettier": {
      "version": "2.8.8",
      "resolved": "https://registry.npmjs.org/prettier/-/prettier-2.8.8.tgz",
      "integrity": "sha512-tdN8qQGvNjw4CHbY+XXk0JgCXn9QiF21a55rBe5LJAU+kDyC4WQn4+awm2Xfk2lQMk5fKup9XgzTZtGkjBdP9Q==",
      "dev": true,
      "license": "MIT",
      "bin": {
        "prettier": "bin-prettier.js"
      },
      "engines": {
        "node": ">=10.13.0"
      },
      "funding": {
        "url": "https://github.com/prettier/prettier?sponsor=1"
      }
    },
    "node_modules/react": {
      "version": "18.2.0",
      "resolved": "https://registry.npmjs.org/react/-/react-18.2.0.tgz",
      "integrity": "sha512-/3IjMdb2L9QbBdWiW5e3P2/npwMBaU9mHCSCUzNln0ZCYbcfTsGbTJrU/kGemdH2IWmB2ioZ+zkxtmq6g09fGQ==",
      "license": "MIT",
      "dependencies": {
        "loose-envify": "^1.1.0"
      },
      "engines": {
        "node": ">=0.10.0"
      }
    },
    "node_modules/react-dom": {
      "version": "18.2.0",
      "resolved": "https://registry.npmjs.org/react-dom/-/react-dom-18.2.0.tgz",
      "integrity": "sha512-6IMTriUmvsjHUjNtEDudZfuDQUoWXVxKHhlEGSk81n4YFS+r/Kl99wXiwlVXtPBtJenozv2P+hxDsw9eA7Xo6g==",
      "license": "MIT",
      "dependencies": {
        "loose-envify": "^1.1.0",
        "scheduler": "^0.23.0"
      },
      "peerDependencies": {
        "react": "^18.2.0"
      }
    },
    "node_modules/react-tetris": {
      "version": "0.3.0",
      "resolved": "https://registry.npmjs.org/react-tetris/-/react-tetris-0.3.0.tgz",
      "integrity": "sha512-tb5vcF/SwNbLmUSEgLfJxXzLc4laG0elbJ4RNQpZ0iVFm6YFz5z5Sy6zMd9nXYProCAJwgheWd5OdgOxwTujBA==",
      "license": "MIT",
      "dependencies": {
        "keymaster": "1.6.2"
      },
      "peerDependencies": {
        "react": "^16.8.0 || ^17.0.0",
        "react-dom": "^16.8.0 || ^17.0.0"
      }
    },
    "node_modules/scheduler": {
      "version": "0.23.0",
      "resolved": "https://registry.npmjs.org/scheduler/-/scheduler-0.23.0.tgz",
      "integrity": "sha512-CtuThmgHNg7zIZWAXi3AsyIzA3n4xx7aNyjwC2VJldO2LMVDhFK+63xGqq6CsJH4rTAt6/M+N4GhZiDYPx9eUw==",
      "license": "MIT",
      "dependencies": {
        "loose-envify": "^1.1.0"
      }
    },
    "node_modules/swr": {
      "version": "2.1.5",
      "resolved": "https://registry.npmjs.org/swr/-/swr-2.1.5.tgz",
      "integrity": "sha512-/OhfZMcEpuz77KavXST5q6XE9nrOBOVcBLWjMT+oAE/kQHyE3PASrevXCtQDZ8aamntOfFkbVJp7Il9tNBQWrw==",
      "license": "MIT",
      "dependencies": {
        "use-sync-external-store": "^1.2.0"
      },
      "peerDependencies": {
        "react": "^16.11.0 || ^17.0.0 || ^18.0.0"
      }
    },
    "node_modules/use-sync-external-store": {
      "version": "1.2.0",
      "resolved": "https://registry.npmjs.org/use-sync-external-store/-/use-sync-external-store-1.2.0.tgz",
      "integrity": "sha512-eEgnFxGQ1Ife9bzYs6VLi8/4X6CObHMw9Qr9tPY43iKwsPw8xE8+EFsf/2cFZ5S3esXgpWgtSCtLNS41F+sKPA==",
      "license": "MIT",
      "peerDependencies": {
        "react": "^16.8.0 || ^17.0.0 || ^18.0.0"
      }
    },
    "node_modules/wouter": {
      "version": "2.10.1",
      "resolved": "https://registry.npmjs.org/wouter/-/wouter-2.10.1.tgz",
      "integrity": "sha512-jGwP371qcA68OBGsfVw2HdSe2/Dv69Zaj4cckEXxD92GH4sT5CAwLXb5ljmoVrmdkeBGLpSesvXDcN+2tO1k3A==",
      "license": "ISC",
      "dependencies": {
        "use-sync-external-store": "^1.0.0"
      },
      "peerDependencies": {
        "react": ">=16.8.0"
      }
    }
  },
  "dependencies": {
    "@types/phoenix": {
      "version": "1.5.6",
      "resolved": "https://registry.npmjs.org/@types/phoenix/-/phoenix-1.5.6.tgz",
      "integrity": "sha512-e7jZ6I9uyRGsg7MNwQcarmBvRlbGb9DibbocE9crVnxqsy6C23RMxLWbJ2CQ3vgCW7taoL1L+F02EcjA6ld7XA==",
      "dev": true
    },
    "@types/prop-types": {
      "version": "15.7.5",
      "resolved": "https://registry.npmjs.org/@types/prop-types/-/prop-types-15.7.5.tgz",
      "integrity": "sha512-JCB8C6SnDoQf0cNycqd/35A7MjcnK+ZTqE7judS6o7utxUCg6imJg3QK2qzHKszlTjcj2cn+NwMB2i96ubpj7w==",
      "dev": true
    },
    "@types/react": {
      "version": "18.2.6",
      "resolved": "https://registry.npmjs.org/@types/react/-/react-18.2.6.tgz",
      "integrity": "sha512-wRZClXn//zxCFW+ye/D2qY65UsYP1Fpex2YXorHc8awoNamkMZSvBxwxdYVInsHOZZd2Ppq8isnSzJL5Mpf8OA==",
      "dev": true,
      "requires": {
        "@types/prop-types": "*",
        "@types/scheduler": "*",
        "csstype": "^3.0.2"
      }
    },
    "@types/react-dom": {
      "version": "18.2.4",
      "resolved": "https://registry.npmjs.org/@types/react-dom/-/react-dom-18.2.4.tgz",
      "integrity": "sha512-G2mHoTMTL4yoydITgOGwWdWMVd8sNgyEP85xVmMKAPUBwQWm9wBPQUmvbeF4V3WBY1P7mmL4BkjQ0SqUpf1snw==",
      "dev": true,
      "requires": {
        "@types/react": "*"
      }
    },
    "@types/scheduler": {
      "version": "0.16.3",
      "resolved": "https://registry.npmjs.org/@types/scheduler/-/scheduler-0.16.3.tgz",
      "integrity": "sha512-5cJ8CB4yAx7BH1oMvdU0Jh9lrEXyPkar6F9G/ERswkCuvP4KQZfZkSjcMbAICCpQTN4OuZn8tz0HiKv9TGZgrQ==",
      "dev": true
    },
    "csstype": {
      "version": "3.1.2",
      "resolved": "https://registry.npmjs.org/csstype/-/csstype-3.1.2.tgz",
      "integrity": "sha512-I7K1Uu0MBPzaFKg4nI5Q7Vs2t+3gWWW648spaF+Rg7pI9ds18Ugn+lvg4SHczUdKlHI5LWBXyqfS8+DufyBsgQ==",
      "dev": true
    },
    "goober": {
      "version": "2.1.13",
      "resolved": "https://registry.npmjs.org/goober/-/goober-2.1.13.tgz",
      "integrity": "sha512-jFj3BQeleOoy7t93E9rZ2de+ScC4lQICLwiAQmKMg9F6roKGaLSHoCDYKkWlSafg138jejvq/mTdvmnwDQgqoQ=="
    },
    "js-tokens": {
      "version": "4.0.0",
      "resolved": "https://registry.npmjs.org/js-tokens/-/js-tokens-4.0.0.tgz",
      "integrity": "sha512-RdJUflcE3cUzKiMqQgsCu06FPu9UdIJO0beYbPhHN4k6apgJtifcoCtT9bcxOpYBtpD2kCM6Sbzg4CausW/PKQ=="
    },
    "keymaster": {
      "version": "1.6.2",
      "resolved": "https://registry.npmjs.org/keymaster/-/keymaster-1.6.2.tgz",
      "integrity": "sha512-OvA/AALN8IDKKkTk2Z+bDrzs/SQao4lo/QPbwSdDvm+frxfiYiYCSn1aHFUypJY3SruAO1y/c771agBmTXqUtg=="
    },
    "loose-envify": {
      "version": "1.4.0",
      "resolved": "https://registry.npmjs.org/loose-envify/-/loose-envify-1.4.0.tgz",
      "integrity": "sha512-lyuxPGr/Wfhrlem2CL/UcnUc1zcqKAImBDzukY7Y5F/yQiNdko6+fRLevlw1HgMySw7f611UIY408EtxRSoK3Q==",
      "requires": {
        "js-tokens": "^3.0.0 || ^4.0.0"
      }
    },
    "phoenix": {
      "version": "file:../../../deps/phoenix"
    },
    "phoenix_html": {
      "version": "file:../../../deps/phoenix_html"
    },
    "phoenix_live_view": {
      "version": "file:../../../deps/phoenix_live_view"
    },
    "prettier": {
      "version": "2.8.8",
      "resolved": "https://registry.npmjs.org/prettier/-/prettier-2.8.8.tgz",
      "integrity": "sha512-tdN8qQGvNjw4CHbY+XXk0JgCXn9QiF21a55rBe5LJAU+kDyC4WQn4+awm2Xfk2lQMk5fKup9XgzTZtGkjBdP9Q==",
      "dev": true
    },
    "react": {
      "version": "18.2.0",
      "resolved": "https://registry.npmjs.org/react/-/react-18.2.0.tgz",
      "integrity": "sha512-/3IjMdb2L9QbBdWiW5e3P2/npwMBaU9mHCSCUzNln0ZCYbcfTsGbTJrU/kGemdH2IWmB2ioZ+zkxtmq6g09fGQ==",
      "requires": {
        "loose-envify": "^1.1.0"
      }
    },
    "react-dom": {
      "version": "18.2.0",
      "resolved": "https://registry.npmjs.org/react-dom/-/react-dom-18.2.0.tgz",
      "integrity": "sha512-6IMTriUmvsjHUjNtEDudZfuDQUoWXVxKHhlEGSk81n4YFS+r/Kl99wXiwlVXtPBtJenozv2P+hxDsw9eA7Xo6g==",
      "requires": {
        "loose-envify": "^1.1.0",
        "scheduler": "^0.23.0"
      }
    },
    "react-tetris": {
      "version": "0.3.0",
      "resolved": "https://registry.npmjs.org/react-tetris/-/react-tetris-0.3.0.tgz",
      "integrity": "sha512-tb5vcF/SwNbLmUSEgLfJxXzLc4laG0elbJ4RNQpZ0iVFm6YFz5z5Sy6zMd9nXYProCAJwgheWd5OdgOxwTujBA==",
      "requires": {
        "keymaster": "1.6.2"
      }
    },
    "scheduler": {
      "version": "0.23.0",
      "resolved": "https://registry.npmjs.org/scheduler/-/scheduler-0.23.0.tgz",
      "integrity": "sha512-CtuThmgHNg7zIZWAXi3AsyIzA3n4xx7aNyjwC2VJldO2LMVDhFK+63xGqq6CsJH4rTAt6/M+N4GhZiDYPx9eUw==",
      "requires": {
        "loose-envify": "^1.1.0"
      }
    },
    "swr": {
      "version": "2.1.5",
      "resolved": "https://registry.npmjs.org/swr/-/swr-2.1.5.tgz",
      "integrity": "sha512-/OhfZMcEpuz77KavXST5q6XE9nrOBOVcBLWjMT+oAE/kQHyE3PASrevXCtQDZ8aamntOfFkbVJp7Il9tNBQWrw==",
      "requires": {
        "use-sync-external-store": "^1.2.0"
      }
    },
    "use-sync-external-store": {
      "version": "1.2.0",
      "resolved": "https://registry.npmjs.org/use-sync-external-store/-/use-sync-external-store-1.2.0.tgz",
      "integrity": "sha512-eEgnFxGQ1Ife9bzYs6VLi8/4X6CObHMw9Qr9tPY43iKwsPw8xE8+EFsf/2cFZ5S3esXgpWgtSCtLNS41F+sKPA=="
    },
    "wouter": {
      "version": "2.10.1",
      "resolved": "https://registry.npmjs.org/wouter/-/wouter-2.10.1.tgz",
      "integrity": "sha512-jGwP371qcA68OBGsfVw2HdSe2/Dv69Zaj4cckEXxD92GH4sT5CAwLXb5ljmoVrmdkeBGLpSesvXDcN+2tO1k3A==",
      "requires": {
        "use-sync-external-store": "^1.0.0"
      }
    }
  }
}
